<?xml version="1.0" encoding="UTF-8" standalone="yes" ?>
<CodeBlocks_project_file>
	<FileVersion major="1" minor="6" />
	<Project>
		<Option title="xmppbot" />
		<Option pch_mode="2" />
		<Option compiler="gcc" />
		<Build>
			<Target title="Debug">
				<Option output="bin/xmppbot" prefix_auto="1" extension_auto="1" />
				<Option working_dir="bin" />
				<Option object_output="obj/Debug" />
				<Option type="1" />
				<Option compiler="gcc" />
				<Compiler>
					<Add option="-g" />
					<Add option="-DDB_SUPPORT" />
					<Add option="-DDB_SQLITE_SUPPORT" />
					<Add option="-DDB_MYSQL_SUPPORT" />
				</Compiler>
			</Target>
			<Target title="Release">
				<Option output="bin/xmppbot" prefix_auto="1" extension_auto="1" />
				<Option working_dir="bin" />
				<Option object_output="obj/Release" />
				<Option type="1" />
				<Option compiler="gcc" />
				<Compiler>
					<Add option="-O2" />
				</Compiler>
				<Linker>
					<Add option="-s" />
				</Linker>
			</Target>
		</Build>
		<Compiler>
			<Add option="-std=c++0x" />
			<Add option="-Wall" />
			<Add option="-fexceptions" />
			<Add option="-DGLOOX_IMPORTS" />
			<Add directory="include" />
			<Add directory="../boost_1_47_0_sdk" />
			<Add directory="../sqlitewrapped" />
			<Add directory="/usr/include/soci" />
			<Add directory="/usr/include/mysql" />
		</Compiler>
		<Linker>
			<Add library="gloox" />
			<Add library="boost_program_options" />
			<Add library="boost_date_time" />
			<Add library="boost_regex" />
			<Add library="sqlite3" />
			<Add library="libsoci_core" />
			<Add library="libsoci_sqlite3" />
			<Add library="libsoci_mysql" />
			<Add directory="lib" />
			<Add directory="../boost_1_47_0_sdk/lib" />
			<Add directory="../sqlitewrapped/bin/Debug/" />
		</Linker>
		<Unit filename="include/AdminBotCommand.h" />
		<Unit filename="include/AliasBotCommand.h" />
		<Unit filename="include/BotCommand.h" />
		<Unit filename="include/BotCommandInfo.h" />
		<Unit filename="include/BotCommandManager.h" />
		<Unit filename="include/CommandMessageFilter.h" />
		<Unit filename="include/Configuration.h" />
		<Unit filename="include/ConfigurationBased.h" />
		<Unit filename="include/ConfigurationBotCommand.h" />
		<Unit filename="include/ConsoleLog.h" />
		<Unit filename="include/DatabaseHelper.h" />
		<Unit filename="include/DbConfiguration.h" />
		<Unit filename="include/DbLog.h" />
		<Unit filename="include/FileConfiguration.h" />
		<Unit filename="include/FileLog.h" />
		<Unit filename="include/ForeignMessageFilter.h" />
		<Unit filename="include/HelpBotCommand.h" />
		<Unit filename="include/HistoryMessageFilter.h" />
		<Unit filename="include/JIDMap.h" />
		<Unit filename="include/JIDMessageFilter.h" />
		<Unit filename="include/KickBotCommand.h" />
		<Unit filename="include/LinkMessageFilter.h" />
		<Unit filename="include/Log.h" />
		<Unit filename="include/LogHelper.h" />
		<Unit filename="include/LogMessageFilter.h" />
		<Unit filename="include/MessageFilter.h" />
		<Unit filename="include/MessageInfo.h" />
		<Unit filename="include/MySQLConfiguration.h" />
		<Unit filename="include/MySQLLog.h" />
		<Unit filename="include/Program.h" />
		<Unit filename="include/ProtectedBotCommand.h" />
		<Unit filename="include/SQLiteConfiguration.h" />
		<Unit filename="include/SQLiteLog.h" />
		<Unit filename="include/StateBotCommand.h" />
		<Unit filename="include/StringFormat.h" />
		<Unit filename="include/SubjectBotCommand.h" />
		<Unit filename="include/TestBotCommand.h" />
		<Unit filename="include/VoidLog.h" />
		<Unit filename="include/XmppBot.h" />
		<Unit filename="src/AdminBotCommand.cpp" />
		<Unit filename="src/AliasBotCommand.cpp" />
		<Unit filename="src/BotCommand.cpp" />
		<Unit filename="src/BotCommandInfo.cpp" />
		<Unit filename="src/BotCommandManager.cpp" />
		<Unit filename="src/CommandMessageFilter.cpp" />
		<Unit filename="src/Configuration.cpp" />
		<Unit filename="src/ConfigurationBased.cpp" />
		<Unit filename="src/ConfigurationBotCommand.cpp" />
		<Unit filename="src/ConsoleLog.cpp" />
		<Unit filename="src/DbConfiguration.cpp" />
		<Unit filename="src/DbLog.cpp" />
		<Unit filename="src/FileConfiguration.cpp" />
		<Unit filename="src/FileLog.cpp" />
		<Unit filename="src/ForeignMessageFilter.cpp" />
		<Unit filename="src/HelpBotCommand.cpp" />
		<Unit filename="src/HistoryMessageFilter.cpp" />
		<Unit filename="src/JIDMessageFilter.cpp" />
		<Unit filename="src/KickBotCommand.cpp" />
		<Unit filename="src/LinkMessageFilter.cpp" />
		<Unit filename="src/Log.cpp" />
		<Unit filename="src/LogHelper.cpp" />
		<Unit filename="src/LogMessageFilter.cpp" />
		<Unit filename="src/MessageFilter.cpp" />
		<Unit filename="src/MessageInfo.cpp" />
		<Unit filename="src/MySQLConfiguration.cpp" />
		<Unit filename="src/MySQLLog.cpp" />
		<Unit filename="src/Program.cpp" />
		<Unit filename="src/ProtectedBotCommand.cpp" />
		<Unit filename="src/SQLiteConfiguration.cpp" />
		<Unit filename="src/SQLiteLog.cpp" />
		<Unit filename="src/StateBotCommand.cpp" />
		<Unit filename="src/StringFormat.cpp" />
		<Unit filename="src/SubjectBotCommand.cpp" />
		<Unit filename="src/TestBotCommand.cpp" />
		<Unit filename="src/VoidLog.cpp" />
		<Unit filename="src/XmppBot.cpp" />
		<Unit filename="src/main.cpp" />
		<Extensions>
			<code_completion />
			<envvars />
			<debugger />
			<lib_finder disable_auto="1" />
			<DoxyBlocks>
				<comment_style block="0" line="0" />
				<doxyfile_project />
				<doxyfile_build />
				<doxyfile_warnings />
				<doxyfile_output />
				<doxyfile_dot />
				<general />
			</DoxyBlocks>
		</Extensions>
	</Project>
</CodeBlocks_project_file>
