<?xml version="1.0" encoding="UTF-8" standalone="yes" ?>
<CodeBlocks_project_file>
	<FileVersion major="1" minor="6" />
	<Project>
		<Option title="xmppbot" />
		<Option pch_mode="2" />
		<Option compiler="gcc" />
		<Build>
			<Target title="Debug">
				<Option output="bin\xmppbot" prefix_auto="1" extension_auto="1" />
				<Option working_dir="bin" />
				<Option object_output="obj\Debug" />
				<Option type="1" />
				<Option compiler="gcc" />
				<Compiler>
					<Add option="-g" />
				</Compiler>
			</Target>
			<Target title="Release">
				<Option output="bin\xmppbot" prefix_auto="1" extension_auto="1" />
				<Option working_dir="bin" />
				<Option object_output="obj\Release" />
				<Option type="1" />
				<Option compiler="gcc" />
				<Compiler>
					<Add option="-O2" />
				</Compiler>
				<Linker>
					<Add option="-s" />
				</Linker>
			</Target>
		</Build>
		<Compiler>
			<Add option="-Wall" />
			<Add option="-fexceptions" />
			<Add option="-DGLOOX_IMPORTS" />
			<Add directory="include" />
			<Add directory="..\boost_1_47_0_sdk" />
		</Compiler>
		<Linker>
			<Add library="gloox" />
			<Add library="boost_program_options-mgw45-mt-1_47" />
			<Add directory="lib" />
			<Add directory="..\boost_1_47_0_sdk\lib" />
		</Linker>
		<Unit filename="include\BotCommand.h" />
		<Unit filename="include\BotCommandManager.h" />
		<Unit filename="include\TestBotCommand.h" />
		<Unit filename="include\XmppBot.h" />
		<Unit filename="src\BotCommandManager.cpp" />
		<Unit filename="src\TestBotCommand.cpp" />
		<Unit filename="src\XmppBot.cpp" />
		<Unit filename="src\main.cpp" />
		<Extensions>
			<code_completion />
			<envvars />
			<debugger />
			<lib_finder disable_auto="1" />
			<DoxyBlocks>
				<comment_style block="0" line="0" />
				<doxyfile_project />
				<doxyfile_build />
				<doxyfile_warnings />
				<doxyfile_output />
				<doxyfile_dot />
				<general />
			</DoxyBlocks>
		</Extensions>
	</Project>
</CodeBlocks_project_file>
